{
  "name": "crypting",
  "lockfileVersion": 2,
  "requires": true,
  "packages": {
    "": {
      "dependencies": {
        "morsify": "^2.4.0"
      }
    },
    "node_modules/morsify": {
      "version": "2.4.0",
      "resolved": "https://registry.npmjs.org/morsify/-/morsify-2.4.0.tgz",
      "integrity": "sha512-Ge36bkk6swZggNH6diWK2DOcF+taSCYNMUrifCn3P9rf2LI/FKA3FUe9XgM38kMzeEGM5OHTJmFu52FJN/2M7w==",
      "deprecated": "WARNING: This project has been renamed to morse-decoder. Install using morse-decoder instead.",
      "engines": {
        "node": ">=4.0.0"
      }
    }
  },
  "dependencies": {
    "morsify": {
      "version": "2.4.0",
      "resolved": "https://registry.npmjs.org/morsify/-/morsify-2.4.0.tgz",
      "integrity": "sha512-Ge36bkk6swZggNH6diWK2DOcF+taSCYNMUrifCn3P9rf2LI/FKA3FUe9XgM38kMzeEGM5OHTJmFu52FJN/2M7w=="
    }
  }
}
